// !$*UTF8*$!
{
	archiveVersion = 1;
	classes = {
	};
	objectVersion = 46;
	objects = {

/* Begin PBXBuildFile section */
		B3FED5DC1F3405E700BB12F9 /* AppDelegate.swift in Sources */ = {isa = PBXBuildFile; fileRef = B3FED5DB1F3405E700BB12F9 /* AppDelegate.swift */; };
		B3FED5DE1F3405E700BB12F9 /* MasterViewController.swift in Sources */ = {isa = PBXBuildFile; fileRef = B3FED5DD1F3405E700BB12F9 /* MasterViewController.swift */; };
		B3FED5E01F3405E700BB12F9 /* DetailViewController.swift in Sources */ = {isa = PBXBuildFile; fileRef = B3FED5DF1F3405E700BB12F9 /* DetailViewController.swift */; };
		B3FED5E31F3405E700BB12F9 /* Main.storyboard in Resources */ = {isa = PBXBuildFile; fileRef = B3FED5E11F3405E700BB12F9 /* Main.storyboard */; };
		B3FED5E51F3405E700BB12F9 /* Assets.xcassets in Resources */ = {isa = PBXBuildFile; fileRef = B3FED5E41F3405E700BB12F9 /* Assets.xcassets */; };
		B3FED5E81F3405E700BB12F9 /* LaunchScreen.storyboard in Resources */ = {isa = PBXBuildFile; fileRef = B3FED5E61F3405E700BB12F9 /* LaunchScreen.storyboard */; };
		B3FED5F01F3410F000BB12F9 /* SharedNetworking.swift in Sources */ = {isa = PBXBuildFile; fileRef = B3FED5EF1F3410F000BB12F9 /* SharedNetworking.swift */; };
		B3FED5F21F3424C400BB12F9 /* DuckResponseTableViewCell.swift in Sources */ = {isa = PBXBuildFile; fileRef = B3FED5F11F3424C400BB12F9 /* DuckResponseTableViewCell.swift */; };
/* End PBXBuildFile section */

/* Begin PBXFileReference section */
		B3FED5D81F3405E700BB12F9 /* Go Ask a Duck.app */ = {isa = PBXFileReference; explicitFileType = wrapper.application; includeInIndex = 0; path = "Go Ask a Duck.app"; sourceTree = BUILT_PRODUCTS_DIR; };
		B3FED5DB1F3405E700BB12F9 /* AppDelegate.swift */ = {isa = PBXFileReference; lastKnownFileType = sourcecode.swift; path = AppDelegate.swift; sourceTree = "<group>"; };
		B3FED5DD1F3405E700BB12F9 /* MasterViewController.swift */ = {isa = PBXFileReference; lastKnownFileType = sourcecode.swift; path = MasterViewController.swift; sourceTree = "<group>"; };
		B3FED5DF1F3405E700BB12F9 /* DetailViewController.swift */ = {isa = PBXFileReference; lastKnownFileType = sourcecode.swift; path = DetailViewController.swift; sourceTree = "<group>"; };
		B3FED5E21F3405E700BB12F9 /* Base */ = {isa = PBXFileReference; lastKnownFileType = file.storyboard; name = Base; path = Base.lproj/Main.storyboard; sourceTree = "<group>"; };
		B3FED5E41F3405E700BB12F9 /* Assets.xcassets */ = {isa = PBXFileReference; lastKnownFileType = folder.assetcatalog; path = Assets.xcassets; sourceTree = "<group>"; };
		B3FED5E71F3405E700BB12F9 /* Base */ = {isa = PBXFileReference; lastKnownFileType = file.storyboard; name = Base; path = Base.lproj/LaunchScreen.storyboard; sourceTree = "<group>"; };
		B3FED5E91F3405E700BB12F9 /* Info.plist */ = {isa = PBXFileReference; lastKnownFileType = text.plist.xml; path = Info.plist; sourceTree = "<group>"; };
		B3FED5EF1F3410F000BB12F9 /* SharedNetworking.swift */ = {isa = PBXFileReference; fileEncoding = 4; lastKnownFileType = sourcecode.swift; path = SharedNetworking.swift; sourceTree = "<group>"; };
		B3FED5F11F3424C400BB12F9 /* DuckResponseTableViewCell.swift */ = {isa = PBXFileReference; fileEncoding = 4; lastKnownFileType = sourcecode.swift; path = DuckResponseTableViewCell.swift; sourceTree = "<group>"; };
/* End PBXFileReference section */

/* Begin PBXFrameworksBuildPhase section */
		B3FED5D51F3405E700BB12F9 /* Frameworks */ = {
			isa = PBXFrameworksBuildPhase;
			buildActionMask = 2147483647;
			files = (
			);
			runOnlyForDeploymentPostprocessing = 0;
		};
/* End PBXFrameworksBuildPhase section */

/* Begin PBXGroup section */
		B3FED5CF1F3405E700BB12F9 = {
			isa = PBXGroup;
			children = (
				B3FED5DA1F3405E700BB12F9 /* Go Ask a Duck */,
				B3FED5D91F3405E700BB12F9 /* Products */,
			);
			sourceTree = "<group>";
		};
		B3FED5D91F3405E700BB12F9 /* Products */ = {
			isa = PBXGroup;
			children = (
				B3FED5D81F3405E700BB12F9 /* Go Ask a Duck.app */,
			);
			name = Products;
			sourceTree = "<group>";
		};
		B3FED5DA1F3405E700BB12F9 /* Go Ask a Duck */ = {
			isa = PBXGroup;
			children = (
				B3FED5DB1F3405E700BB12F9 /* AppDelegate.swift */,
				B3FED5DD1F3405E700BB12F9 /* MasterViewController.swift */,
				B3FED5F11F3424C400BB12F9 /* DuckResponseTableViewCell.swift */,
				B3FED5DF1F3405E700BB12F9 /* DetailViewController.swift */,
				B3FED5E11F3405E700BB12F9 /* Main.storyboard */,
				B3FED5E41F3405E700BB12F9 /* Assets.xcassets */,
				B3FED5E61F3405E700BB12F9 /* LaunchScreen.storyboard */,
				B3FED5E91F3405E700BB12F9 /* Info.plist */,
				B3FED5EF1F3410F000BB12F9 /* SharedNetworking.swift */,
			);
			path = "Go Ask a Duck";
			sourceTree = "<group>";
		};
/* End PBXGroup section */

/* Begin PBXNativeTarget section */
		B3FED5D71F3405E700BB12F9 /* Go Ask a Duck */ = {
			isa = PBXNativeTarget;
			buildConfigurationList = B3FED5EC1F3405E700BB12F9 /* Build configuration list for PBXNativeTarget "Go Ask a Duck" */;
			buildPhases = (
				B3FED5D41F3405E700BB12F9 /* Sources */,
				B3FED5D51F3405E700BB12F9 /* Frameworks */,
				B3FED5D61F3405E700BB12F9 /* Resources */,
			);
			buildRules = (
			);
			dependencies = (
			);
			name = "Go Ask a Duck";
			productName = "Go Ask a Duck";
			productReference = B3FED5D81F3405E700BB12F9 /* Go Ask a Duck.app */;
			productType = "com.apple.product-type.application";
		};
/* End PBXNativeTarget section */

/* Begin PBXProject section */
		B3FED5D01F3405E700BB12F9 /* Project object */ = {
			isa = PBXProject;
			attributes = {
				LastSwiftUpdateCheck = 0830;
				LastUpgradeCheck = 0830;
				ORGANIZATIONNAME = "Michael Meyer";
				TargetAttributes = {
					B3FED5D71F3405E700BB12F9 = {
						CreatedOnToolsVersion = 8.3.3;
						DevelopmentTeam = WY4Q88Q668;
						ProvisioningStyle = Automatic;
					};
				};
			};
			buildConfigurationList = B3FED5D31F3405E700BB12F9 /* Build configuration list for PBXProject "Go Ask a Duck" */;
			compatibilityVersion = "Xcode 3.2";
			developmentRegion = English;
			hasScannedForEncodings = 0;
			knownRegions = (
				en,
				Base,
			);
			mainGroup = B3FED5CF1F3405E700BB12F9;
			productRefGroup = B3FED5D91F3405E700BB12F9 /* Products */;
			projectDirPath = "";
			projectRoot = "";
			targets = (
				B3FED5D71F3405E700BB12F9 /* Go Ask a Duck */,
			);
		};
/* End PBXProject section */

/* Begin PBXResourcesBuildPhase section */
		B3FED5D61F3405E700BB12F9 /* Resources */ = {
			isa = PBXResourcesBuildPhase;
			buildActionMask = 2147483647;
			files = (
				B3FED5E81F3405E700BB12F9 /* LaunchScreen.storyboard in Resources */,
				B3FED5E51F3405E700BB12F9 /* Assets.xcassets in Resources */,
				B3FED5E31F3405E700BB12F9 /* Main.storyboard in Resources */,
			);
			runOnlyForDeploymentPostprocessing = 0;
		};
/* End PBXResourcesBuildPhase section */

/* Begin PBXSourcesBuildPhase section */
		B3FED5D41F3405E700BB12F9 /* Sources */ = {
			isa = PBXSourcesBuildPhase;
			buildActionMask = 2147483647;
			files = (
				B3FED5F21F3424C400BB12F9 /* DuckResponseTableViewCell.swift in Sources */,
				B3FED5F01F3410F000BB12F9 /* SharedNetworking.swift in Sources */,
				B3FED5E01F3405E700BB12F9 /* DetailViewController.swift in Sources */,
				B3FED5DE1F3405E700BB12F9 /* MasterViewController.swift in Sources */,
				B3FED5DC1F3405E700BB12F9 /* AppDelegate.swift in Sources */,
			);
			runOnlyForDeploymentPostprocessing = 0;
		};
/* End PBXSourcesBuildPhase section */

/* Begin PBXVariantGroup section */
		B3FED5E11F3405E700BB12F9 /* Main.storyboard */ = {
			isa = PBXVariantGroup;
			children = (
				B3FED5E21F3405E700BB12F9 /* Base */,
			);
			name = Main.storyboard;
			sourceTree = "<group>";
		};
		B3FED5E61F3405E700BB12F9 /* LaunchScreen.storyboard */ = {
			isa = PBXVariantGroup;
			children = (
				B3FED5E71F3405E700BB12F9 /* Base */,
			);
			name = LaunchScreen.storyboard;
			sourceTree = "<group>";
		};
/* End PBXVariantGroup section */

/* Begin XCBuildConfiguration section */
		B3FED5EA1F3405E700BB12F9 /* Debug */ = {
			isa = XCBuildConfiguration;
			buildSettings = {
				ALWAYS_SEARCH_USER_PATHS = NO;
				CLANG_ANALYZER_NONNULL = YES;
				CLANG_ANALYZER_NUMBER_OBJECT_CONVERSION = YES_AGGRESSIVE;
				CLANG_CXX_LANGUAGE_STANDARD = "gnu++0x";
				CLANG_CXX_LIBRARY = "libc++";
				CLANG_ENABLE_MODULES = YES;
				CLANG_ENABLE_OBJC_ARC = YES;
				CLANG_WARN_BOOL_CONVERSION = YES;
				CLANG_WARN_CONSTANT_CONVERSION = YES;
				CLANG_WARN_DIRECT_OBJC_ISA_USAGE = YES_ERROR;
				CLANG_WARN_DOCUMENTATION_COMMENTS = YES;
				CLANG_WARN_EMPTY_BODY = YES;
				CLANG_WARN_ENUM_CONVERSION = YES;
				CLANG_WARN_INFINITE_RECURSION = YES;
				CLANG_WARN_INT_CONVERSION = YES;
				CLANG_WARN_OBJC_ROOT_CLASS = YES_ERROR;
				CLANG_WARN_SUSPICIOUS_MOVE = YES;
				CLANG_WARN_UNREACHABLE_CODE = YES;
				CLANG_WARN__DUPLICATE_METHOD_MATCH = YES;
				"CODE_SIGN_IDENTITY[sdk=iphoneos*]" = "iPhone Developer";
				COPY_PHASE_STRIP = NO;
				DEBUG_INFORMATION_FORMAT = dwarf;
				ENABLE_STRICT_OBJC_MSGSEND = YES;
				ENABLE_TESTABILITY = YES;
				GCC_C_LANGUAGE_STANDARD = gnu99;
				GCC_DYNAMIC_NO_PIC = NO;
				GCC_NO_COMMON_BLOCKS = YES;
				GCC_OPTIMIZATION_LEVEL = 0;
				GCC_PREPROCESSOR_DEFINITIONS = (
					"DEBUG=1",
					"$(inherited)",
				);
				GCC_WARN_64_TO_32_BIT_CONVERSION = YES;
				GCC_WARN_ABOUT_RETURN_TYPE = YES_ERROR;
				GCC_WARN_UNDECLARED_SELECTOR = YES;
				GCC_WARN_UNINITIALIZED_AUTOS = YES_AGGRESSIVE;
				GCC_WARN_UNUSED_FUNCTION = YES;
				GCC_WARN_UNUSED_VARIABLE = YES;
				IPHONEOS_DEPLOYMENT_TARGET = 10.3;
				MTL_ENABLE_DEBUG_INFO = YES;
				ONLY_ACTIVE_ARCH = YES;
				SDKROOT = iphoneos;
				SWIFT_ACTIVE_COMPILATION_CONDITIONS = DEBUG;
				SWIFT_OPTIMIZATION_LEVEL = "-Onone";
				TARGETED_DEVICE_FAMILY = 2;
			};
			name = Debug;
		};
		B3FED5EB1F3405E700BB12F9 /* Release */ = {
			isa = XCBuildConfiguration;
			buildSettings = {
				ALWAYS_SEARCH_USER_PATHS = NO;
				CLANG_ANALYZER_NONNULL = YES;
				CLANG_ANALYZER_NUMBER_OBJECT_CONVERSION = YES_AGGRESSIVE;
				CLANG_CXX_LANGUAGE_STANDARD = "gnu++0x";
				CLANG_CXX_LIBRARY = "libc++";
				CLANG_ENABLE_MODULES = YES;
				CLANG_ENABLE_OBJC_ARC = YES;
				CLANG_WARN_BOOL_CONVERSION = YES;
				CLANG_WARN_CONSTANT_CONVERSION = YES;
				CLANG_WARN_DIRECT_OBJC_ISA_USAGE = YES_ERROR;
				CLANG_WARN_DOCUMENTATION_COMMENTS = YES;
				CLANG_WARN_EMPTY_BODY = YES;
				CLANG_WARN_ENUM_CONVERSION = YES;
				CLANG_WARN_INFINITE_RECURSION = YES;
				CLANG_WARN_INT_CONVERSION = YES;
				CLANG_WARN_OBJC_ROOT_CLASS = YES_ERROR;
				CLANG_WARN_SUSPICIOUS_MOVE = YES;
				CLANG_WARN_UNREACHABLE_CODE = YES;
				CLANG_WARN__DUPLICATE_METHOD_MATCH = YES;
				"CODE_SIGN_IDENTITY[sdk=iphoneos*]" = "iPhone Developer";
				COPY_PHASE_STRIP = NO;
				DEBUG_INFORMATION_FORMAT = "dwarf-with-dsym";
				ENABLE_NS_ASSERTIONS = NO;
				ENABLE_STRICT_OBJC_MSGSEND = YES;
				GCC_C_LANGUAGE_STANDARD = gnu99;
				GCC_NO_COMMON_BLOCKS = YES;
				GCC_WARN_64_TO_32_BIT_CONVERSION = YES;
				GCC_WARN_ABOUT_RETURN_TYPE = YES_ERROR;
				GCC_WARN_UNDECLARED_SELECTOR = YES;
				GCC_WARN_UNINITIALIZED_AUTOS = YES_AGGRESSIVE;
				GCC_WARN_UNUSED_FUNCTION = YES;
				GCC_WARN_UNUSED_VARIABLE = YES;
				IPHONEOS_DEPLOYMENT_TARGET = 10.3;
				MTL_ENABLE_DEBUG_INFO = NO;
				SDKROOT = iphoneos;
				SWIFT_OPTIMIZATION_LEVEL = "-Owholemodule";
				TARGETED_DEVICE_FAMILY = 2;
				VALIDATE_PRODUCT = YES;
			};
			name = Release;
		};
		B3FED5ED1F3405E700BB12F9 /* Debug */ = {
			isa = XCBuildConfiguration;
			buildSettings = {
				ASSETCATALOG_COMPILER_APPICON_NAME = AppIcon;
				DEVELOPMENT_TEAM = WY4Q88Q668;
				INFOPLIST_FILE = "Go Ask a Duck/Info.plist";
				LD_RUNPATH_SEARCH_PATHS = "$(inherited) @executable_path/Frameworks";
				PRODUCT_BUNDLE_IDENTIFIER = "com.meyermt.Go-Ask-a-Duck";
				PRODUCT_NAME = "$(TARGET_NAME)";
				SWIFT_VERSION = 3.0;
				TARGETED_DEVICE_FAMILY = "1,2";
			};
			name = Debug;
		};
		B3FED5EE1F3405E700BB12F9 /* Release */ = {
			isa = XCBuildConfiguration;
			buildSettings = {
				ASSETCATALOG_COMPILER_APPICON_NAME = AppIcon;
				DEVELOPMENT_TEAM = WY4Q88Q668;
				INFOPLIST_FILE = "Go Ask a Duck/Info.plist";
				LD_RUNPATH_SEARCH_PATHS = "$(inherited) @executable_path/Frameworks";
				PRODUCT_BUNDLE_IDENTIFIER = "com.meyermt.Go-Ask-a-Duck";
				PRODUCT_NAME = "$(TARGET_NAME)";
				SWIFT_VERSION = 3.0;
				TARGETED_DEVICE_FAMILY = "1,2";
			};
			name = Release;
		};
/* End XCBuildConfiguration section */

/* Begin XCConfigurationList section */
		B3FED5D31F3405E700BB12F9 /* Build configuration list for PBXProject "Go Ask a Duck" */ = {
			isa = XCConfigurationList;
			buildConfigurations = (
				B3FED5EA1F3405E700BB12F9 /* Debug */,
				B3FED5EB1F3405E700BB12F9 /* Release */,
			);
			defaultConfigurationIsVisible = 0;
			defaultConfigurationName = Release;
		};
		B3FED5EC1F3405E700BB12F9 /* Build configuration list for PBXNativeTarget "Go Ask a Duck" */ = {
			isa = XCConfigurationList;
			buildConfigurations = (
				B3FED5ED1F3405E700BB12F9 /* Debug */,
				B3FED5EE1F3405E700BB12F9 /* Release */,
			);
			defaultConfigurationIsVisible = 0;
		};
/* End XCConfigurationList section */
	};
	rootObject = B3FED5D01F3405E700BB12F9 /* Project object */;
}
